%{
  "alchemy": {:hex, :discord_alchemy, "0.6.1", "944bf8d96aacc91977ba1a9eae9a28cc09d8c9606000c9aec329517f372f7ffa", [:mix], [{:gen_stage, "~> 0.11", [hex: :gen_stage, repo: "hexpm", optional: false]}, {:httpoison, "~> 0.13.0", [hex: :httpoison, repo: "hexpm", optional: false]}, {:kcl, "~> 1.0.0", [hex: :kcl, repo: "hexpm", optional: false]}, {:poison, "~> 3.0", [hex: :poison, repo: "hexpm", optional: false]}, {:porcelain, "~> 2.0", [hex: :porcelain, repo: "hexpm", optional: false]}, {:websocket_client, "~> 1.2", [hex: :websocket_client, repo: "hexpm", optional: false]}], "hexpm"},
  "bunt": {:hex, :bunt, "0.2.0", "951c6e801e8b1d2cbe58ebbd3e616a869061ddadcc4863d0a2182541acae9a38", [:mix], [], "hexpm"},
  "cachex": {:hex, :cachex, "3.1.3", "86ed0669ea4b2f3e3982dbb5c6ca9e0964e46738e572c9156f22ceb75f57c336", [:mix], [{:eternal, "~> 1.2", [hex: :eternal, repo: "hexpm", optional: false]}, {:jumper, "~> 1.0", [hex: :jumper, repo: "hexpm", optional: false]}, {:sleeplocks, "~> 1.1", [hex: :sleeplocks, repo: "hexpm", optional: false]}, {:unsafe, "~> 1.0", [hex: :unsafe, repo: "hexpm", optional: false]}], "hexpm"},
  "certifi": {:hex, :certifi, "2.5.1", "867ce347f7c7d78563450a18a6a28a8090331e77fa02380b4a21962a65d36ee5", [:rebar3], [{:parse_trans, "~>3.3", [hex: :parse_trans, repo: "hexpm", optional: false]}], "hexpm"},
  "chacha20": {:hex, :chacha20, "1.0.2", "73c5e96eba5e94917603a43c5c7c6b049436a5d71d9d3182781c345d87d28c8b", [:mix], [], "hexpm"},
  "combine": {:hex, :combine, "0.10.0", "eff8224eeb56498a2af13011d142c5e7997a80c8f5b97c499f84c841032e429f", [:mix], [], "hexpm"},
  "cowboy": {:hex, :cowboy, "2.6.3", "99aa50e94e685557cad82e704457336a453d4abcb77839ad22dbe71f311fcc06", [:rebar3], [{:cowlib, "~> 2.7.3", [hex: :cowlib, repo: "hexpm", optional: false]}, {:ranch, "~> 1.7.1", [hex: :ranch, repo: "hexpm", optional: false]}], "hexpm"},
  "cowlib": {:hex, :cowlib, "2.7.3", "a7ffcd0917e6d50b4d5fb28e9e2085a0ceb3c97dea310505f7460ff5ed764ce9", [:rebar3], [], "hexpm"},
  "credo": {:hex, :credo, "1.0.5", "fdea745579f8845315fe6a3b43e2f9f8866839cfbc8562bb72778e9fdaa94214", [:mix], [{:bunt, "~> 0.2.0", [hex: :bunt, repo: "hexpm", optional: false]}, {:jason, "~> 1.0", [hex: :jason, repo: "hexpm", optional: false]}], "hexpm"},
  "crontab": {:hex, :crontab, "1.1.5", "2c9439506ceb0e9045de75879e994b88d6f0be88bfe017d58cb356c66c4a5482", [:mix], [{:ecto, "~> 1.0 or ~> 2.0 or ~> 3.0", [hex: :ecto, repo: "hexpm", optional: true]}], "hexpm"},
  "curve25519": {:hex, :curve25519, "1.0.3", "101248eeb2ed28f1b8d2d423cf560bfc99f5e22bae5a2bb113fd24efad05fae1", [:mix], [], "hexpm"},
  "deppie": {:hex, :deppie, "1.1.2", "6e90b0baf70055ee85b5d87c1649f39acb05df3c24d4d46f90a4a03b8e57619f", [:mix], [{:global_flags, "~> 1.0", [hex: :global_flags, repo: "hexpm", optional: false]}], "hexpm"},
  "dialyxir": {:hex, :dialyxir, "0.5.1", "b331b091720fd93e878137add264bac4f644e1ddae07a70bf7062c7862c4b952", [:mix], [], "hexpm"},
  "drab": {:hex, :drab, "0.10.1", "e462cc9d5317c1bcb314a9e9971cd8c0be24c2339a6767d8ee72a78256737b68", [:mix], [{:cowboy, "~> 1.0 or ~> 2.2.2 or ~> 2.3", [hex: :cowboy, repo: "hexpm", optional: false]}, {:deppie, "~> 1.0", [hex: :deppie, repo: "hexpm", optional: false]}, {:floki, ">= 0.20.2", [hex: :floki, repo: "hexpm", optional: false]}, {:gettext, "~> 0.11", [hex: :gettext, repo: "hexpm", optional: false]}, {:jason, "~> 1.0", [hex: :jason, repo: "hexpm", optional: false]}, {:phoenix, "~> 1.2", [hex: :phoenix, repo: "hexpm", optional: false]}, {:phoenix_html, "~> 2.13", [hex: :phoenix_html, repo: "hexpm", optional: false]}, {:phoenix_pubsub, "~> 1.0", [hex: :phoenix_pubsub, repo: "hexpm", optional: false]}, {:plug_cowboy, "~> 1.0 or ~> 2.0", [hex: :plug_cowboy, repo: "hexpm", optional: false]}], "hexpm"},
  "ed25519": {:hex, :ed25519, "1.3.1", "35a363527d1c85c773eae8b5e2dfe133c693c270a20e281a7021937929da5c2e", [:mix], [], "hexpm"},
  "eleveldb": {:hex, :eleveldb, "2.2.20", "1fff63a5055bbf4bf821f797ef76065882b193f5e8095f95fcd9287187773b58", [:rebar3], [], "hexpm"},
  "equivalex": {:hex, :equivalex, "1.0.2", "b9a9aaf79f2556288f514218653beaddb15afa2af407bfec37c5c4906e39f514", [:mix], [], "hexpm"},
  "eternal": {:hex, :eternal, "1.2.1", "d5b6b2499ba876c57be2581b5b999ee9bdf861c647401066d3eeed111d096bc4", [:mix], [], "hexpm"},
  "exirc": {:git, "https://github.com/bitwalker/exirc.git", "9ab15b42317f01e88c53c6ac9061c94b99928fb4", []},
  "exleveldb": {:hex, :exleveldb, "0.14.0", "8e9353bbce38482d6971d254c6b98ceb50f3f179c94732b5d17db1be426fca18", [:mix], [{:eleveldb, "~> 2.2.20", [hex: :eleveldb, repo: "hexpm", optional: false]}], "hexpm"},
  "exsync": {:hex, :exsync, "0.2.3", "a1ac11b4bd3808706003dbe587902101fcc1387d9fc55e8b10972f13a563dd15", [:mix], [{:file_system, "~> 0.2", [hex: :file_system, repo: "hexpm", optional: false]}], "hexpm"},
  "file_system": {:hex, :file_system, "0.2.7", "e6f7f155970975789f26e77b8b8d8ab084c59844d8ecfaf58cbda31c494d14aa", [:mix], [], "hexpm"},
  "floki": {:hex, :floki, "0.20.4", "be42ac911fece24b4c72f3b5846774b6e61b83fe685c2fc9d62093277fb3bc86", [:mix], [{:html_entities, "~> 0.4.0", [hex: :html_entities, repo: "hexpm", optional: false]}, {:mochiweb, "~> 2.15", [hex: :mochiweb, repo: "hexpm", optional: false]}], "hexpm"},
  "gen_stage": {:hex, :gen_stage, "0.14.1", "9d46723fda072d4f4bb31a102560013f7960f5d80ea44dcb96fd6304ed61e7a4", [:mix], [], "hexpm"},
  "gen_state_machine": {:hex, :gen_state_machine, "2.0.5", "9ac15ec6e66acac994cc442dcc2c6f9796cf380ec4b08267223014be1c728a95", [:mix], [], "hexpm"},
  "gettext": {:hex, :gettext, "0.16.1", "e2130b25eebcbe02bb343b119a07ae2c7e28bd4b146c4a154da2ffb2b3507af2", [:mix], [], "hexpm"},
  "gh_webhook_plug": {:hex, :gh_webhook_plug, "0.0.5", "c2699980b971d65b064245e37c848692bd79d7c52226e0baa0445e450416bd71", [:mix], [{:plug, "~>1.4", [hex: :plug, repo: "hexpm", optional: false]}], "hexpm"},
  "global_flags": {:hex, :global_flags, "1.0.0", "ee6b864979a1fb38d1fbc67838565644baf632212bce864adca21042df036433", [:rebar3], [], "hexpm"},
  "hackney": {:hex, :hackney, "1.15.1", "9f8f471c844b8ce395f7b6d8398139e26ddca9ebc171a8b91342ee15a19963f4", [:rebar3], [{:certifi, "2.5.1", [hex: :certifi, repo: "hexpm", optional: false]}, {:idna, "6.0.0", [hex: :idna, repo: "hexpm", optional: false]}, {:metrics, "1.0.1", [hex: :metrics, repo: "hexpm", optional: false]}, {:mimerl, "~>1.1", [hex: :mimerl, repo: "hexpm", optional: false]}, {:ssl_verify_fun, "1.1.4", [hex: :ssl_verify_fun, repo: "hexpm", optional: false]}], "hexpm"},
  "html_entities": {:hex, :html_entities, "0.4.0", "f2fee876858cf6aaa9db608820a3209e45a087c5177332799592142b50e89a6b", [:mix], [], "hexpm"},
  "httpoison": {:hex, :httpoison, "1.5.1", "0f55b5b673b03c5c327dac7015a67cb571b99b631acc0bc1b0b98dcd6b9f2104", [:mix], [{:hackney, "~> 1.8", [hex: :hackney, repo: "hexpm", optional: false]}], "hexpm"},
  "idna": {:hex, :idna, "6.0.0", "689c46cbcdf3524c44d5f3dde8001f364cd7608a99556d8fbd8239a5798d4c10", [:rebar3], [{:unicode_util_compat, "0.4.1", [hex: :unicode_util_compat, repo: "hexpm", optional: false]}], "hexpm"},
  "inch_ex": {:hex, :inch_ex, "2.0.0", "24268a9284a1751f2ceda569cd978e1fa394c977c45c331bb52a405de544f4de", [:mix], [{:bunt, "~> 0.2", [hex: :bunt, repo: "hexpm", optional: false]}, {:jason, "~> 1.0", [hex: :jason, repo: "hexpm", optional: false]}], "hexpm"},
  "jason": {:hex, :jason, "1.1.2", "b03dedea67a99223a2eaf9f1264ce37154564de899fd3d8b9a21b1a6fd64afe7", [:mix], [{:decimal, "~> 1.0", [hex: :decimal, repo: "hexpm", optional: true]}], "hexpm"},
  "jumper": {:hex, :jumper, "1.0.1", "3c00542ef1a83532b72269fab9f0f0c82bf23a35e27d278bfd9ed0865cecabff", [:mix], [], "hexpm"},
  "kcl": {:hex, :kcl, "1.0.5", "d4abd1eefefc7b2a03e407d16ad60618f93d32cfe3a025baa37505a5811056ac", [:mix], [{:curve25519, ">= 1.0.2", [hex: :curve25519, repo: "hexpm", optional: false]}, {:ed25519, "~> 1.2", [hex: :ed25519, repo: "hexpm", optional: false]}, {:poly1305, "~> 1.0", [hex: :poly1305, repo: "hexpm", optional: false]}, {:salsa20, "~> 1.0", [hex: :salsa20, repo: "hexpm", optional: false]}], "hexpm"},
  "libring": {:hex, :libring, "1.4.0", "41246ba2f3fbc76b3971f6bce83119dfec1eee17e977a48d8a9cfaaf58c2a8d6", [:mix], [], "hexpm"},
  "luerl": {:hex, :luerl, "0.3.1", "5412807630aac1aaf59ffe5a1bc09259c447b4faeb1d3fe2d4ef41b87676cb04", [:rebar3], [], "hexpm"},
  "meeseeks": {:hex, :meeseeks, "0.11.0", "479cdc4f1781cd520ff950dd06e8d529c16dbcad45586bfea6d2b6cc5d2409f0", [:mix], [{:meeseeks_html5ever, "~> 0.11.0", [hex: :meeseeks_html5ever, repo: "hexpm", optional: false]}], "hexpm"},
  "meeseeks_html5ever": {:hex, :meeseeks_html5ever, "0.11.0", "5aaf9c895874fded42a40167841964fe30f5b73b217fb4c9e9b83f8337344d3d", [:mix], [{:rustler, "~> 0.20.0", [hex: :rustler, repo: "hexpm", optional: false]}], "hexpm"},
  "metrics": {:hex, :metrics, "1.0.1", "25f094dea2cda98213cecc3aeff09e940299d950904393b2a29d191c346a8486", [:rebar3], [], "hexpm"},
  "mime": {:hex, :mime, "1.3.1", "30ce04ab3175b6ad0bdce0035cba77bba68b813d523d1aac73d9781b4d193cf8", [:mix], [], "hexpm"},
  "mimerl": {:hex, :mimerl, "1.2.0", "67e2d3f571088d5cfd3e550c383094b47159f3eee8ffa08e64106cdf5e981be3", [:rebar3], [], "hexpm"},
  "mochiweb": {:hex, :mochiweb, "2.18.0", "eb55f1db3e6e960fac4e6db4e2db9ec3602cc9f30b86cd1481d56545c3145d2e", [:rebar3], [], "hexpm"},
  "opengraph": {:hex, :opengraph, "0.1.0", "f1d4984fada1d14e87be7d51d28281be60e0c5c84a8aa36f8cac90884f8c35db", [:mix], [{:floki, "~> 0.11.0", [hex: :floki, optional: false]}, {:httpoison, "~> 0.10.0", [hex: :httpoison, optional: false]}]},
  "parse_trans": {:hex, :parse_trans, "3.3.0", "09765507a3c7590a784615cfd421d101aec25098d50b89d7aa1d66646bc571c1", [:rebar3], [], "hexpm"},
  "phoenix": {:hex, :phoenix, "1.4.9", "746d098e10741c334d88143d3c94cab1756435f94387a63441792e66ec0ee974", [:mix], [{:jason, "~> 1.0", [hex: :jason, repo: "hexpm", optional: true]}, {:phoenix_pubsub, "~> 1.1", [hex: :phoenix_pubsub, repo: "hexpm", optional: false]}, {:plug, "~> 1.8.1 or ~> 1.9", [hex: :plug, repo: "hexpm", optional: false]}, {:plug_cowboy, "~> 1.0 or ~> 2.0", [hex: :plug_cowboy, repo: "hexpm", optional: true]}, {:telemetry, "~> 0.4", [hex: :telemetry, repo: "hexpm", optional: false]}], "hexpm"},
  "phoenix_html": {:hex, :phoenix_html, "2.13.2", "f5d27c9b10ce881a60177d2b5227314fc60881e6b66b41dfe3349db6ed06cf57", [:mix], [{:plug, "~> 1.5", [hex: :plug, repo: "hexpm", optional: false]}], "hexpm"},
  "phoenix_live_reload": {:hex, :phoenix_live_reload, "1.2.1", "274a4b07c4adbdd7785d45a8b0bb57634d0b4f45b18d2c508b26c0344bd59b8f", [:mix], [{:file_system, "~> 0.2.1 or ~> 0.3", [hex: :file_system, repo: "hexpm", optional: false]}, {:phoenix, "~> 1.4", [hex: :phoenix, repo: "hexpm", optional: false]}], "hexpm"},
  "phoenix_pubsub": {:hex, :phoenix_pubsub, "1.1.2", "496c303bdf1b2e98a9d26e89af5bba3ab487ba3a3735f74bf1f4064d2a845a3e", [:mix], [], "hexpm"},
  "plug": {:hex, :plug, "1.8.2", "0bcce1daa420f189a6491f3940cc77ea7fb1919761175c9c3b59800d897440fc", [:mix], [{:mime, "~> 1.0", [hex: :mime, repo: "hexpm", optional: false]}, {:plug_crypto, "~> 1.0", [hex: :plug_crypto, repo: "hexpm", optional: false]}, {:telemetry, "~> 0.4", [hex: :telemetry, repo: "hexpm", optional: true]}], "hexpm"},
  "plug_cowboy": {:hex, :plug_cowboy, "2.1.0", "b75768153c3a8a9e8039d4b25bb9b14efbc58e9c4a6e6a270abff1cd30cbe320", [:mix], [{:cowboy, "~> 2.5", [hex: :cowboy, repo: "hexpm", optional: false]}, {:plug, "~> 1.7", [hex: :plug, repo: "hexpm", optional: false]}], "hexpm"},
  "plug_crypto": {:hex, :plug_crypto, "1.0.0", "18e49317d3fa343f24620ed22795ec29d4a5e602d52d1513ccea0b07d8ea7d4d", [:mix], [], "hexpm"},
  "poison": {:hex, :poison, "3.1.0", "d9eb636610e096f86f25d9a46f35a9facac35609a7591b3be3326e99a0484665", [:mix], [], "hexpm"},
  "poly1305": {:hex, :poly1305, "1.0.2", "c6bb74cbe79747cc12aa1580791c2bd8e0f062bc8faaf117b756e675cfaea03d", [:mix], [{:chacha20, "~> 1.0", [hex: :chacha20, repo: "hexpm", optional: false]}, {:equivalex, "~> 1.0", [hex: :equivalex, repo: "hexpm", optional: false]}], "hexpm"},
  "porcelain": {:hex, :porcelain, "2.0.3", "2d77b17d1f21fed875b8c5ecba72a01533db2013bd2e5e62c6d286c029150fdc", [:mix], [], "hexpm"},
  "protocol_ex": {:hex, :protocol_ex, "0.4.2", "faa832d88e60621f74d90aecc6928e0dc97af7ec05598a289cfd75aaeb43a130", [:mix], [], "hexpm"},
  "quantum": {:hex, :quantum, "2.3.4", "72a0e8855e2adc101459eac8454787cb74ab4169de6ca50f670e72142d4960e9", [:mix], [{:calendar, "~> 0.17", [hex: :calendar, repo: "hexpm", optional: true]}, {:crontab, "~> 1.1", [hex: :crontab, repo: "hexpm", optional: false]}, {:gen_stage, "~> 0.12", [hex: :gen_stage, repo: "hexpm", optional: false]}, {:swarm, "~> 3.3", [hex: :swarm, repo: "hexpm", optional: false]}, {:timex, "~> 3.1", [hex: :timex, repo: "hexpm", optional: true]}], "hexpm"},
  "ranch": {:hex, :ranch, "1.7.1", "6b1fab51b49196860b733a49c07604465a47bdb78aa10c1c16a3d199f7f8c881", [:rebar3], [], "hexpm"},
  "rustler": {:hex, :rustler, "0.20.0", "6b2cc8149700a7b1df2226dbe273ec1f9449318cad3bd3b5b68125a4cf1f438b", [:mix], [], "hexpm"},
  "salsa20": {:hex, :salsa20, "1.0.2", "558fddb4169b1f90b1748d42e9221ba8d1354c414a03361308cc7bc0fd2f45c7", [:mix], [], "hexpm"},
  "sizeable": {:hex, :sizeable, "1.0.2", "625fe06a5dad188b52121a140286f1a6ae1adf350a942cf419499ecd8a11ee29", [:mix], [], "hexpm"},
  "sleeplocks": {:hex, :sleeplocks, "1.1.1", "3d462a0639a6ef36cc75d6038b7393ae537ab394641beb59830a1b8271faeed3", [:rebar3], [], "hexpm"},
  "ssl_verify_fun": {:hex, :ssl_verify_fun, "1.1.4", "f0eafff810d2041e93f915ef59899c923f4568f4585904d010387ed74988e77b", [:make, :mix, :rebar3], [], "hexpm"},
  "swarm": {:hex, :swarm, "3.4.0", "64f8b30055d74640d2186c66354b33b999438692a91be275bb89cdc7e401f448", [:mix], [{:gen_state_machine, "~> 2.0", [hex: :gen_state_machine, repo: "hexpm", optional: false]}, {:libring, "~> 1.0", [hex: :libring, repo: "hexpm", optional: false]}], "hexpm"},
  "telemetry": {:hex, :telemetry, "0.4.0", "8339bee3fa8b91cb84d14c2935f8ecf399ccd87301ad6da6b71c09553834b2ab", [:rebar3], [], "hexpm"},
  "timex": {:hex, :timex, "3.5.0", "b0a23167da02d0fe4f1a4e104d1f929a00d348502b52432c05de875d0b9cffa5", [:mix], [{:combine, "~> 0.10", [hex: :combine, repo: "hexpm", optional: false]}, {:gettext, "~> 0.10", [hex: :gettext, repo: "hexpm", optional: false]}, {:tzdata, "~> 0.1.8 or ~> 0.5", [hex: :tzdata, repo: "hexpm", optional: false]}], "hexpm"},
  "tzdata": {:hex, :tzdata, "0.5.20", "304b9e98a02840fb32a43ec111ffbe517863c8566eb04a061f1c4dbb90b4d84c", [:mix], [{:hackney, "~> 1.0", [hex: :hackney, repo: "hexpm", optional: false]}], "hexpm"},
  "unicode_util_compat": {:hex, :unicode_util_compat, "0.4.1", "d869e4c68901dd9531385bb0c8c40444ebf624e60b6962d95952775cac5e90cd", [:rebar3], [], "hexpm"},
  "unsafe": {:hex, :unsafe, "1.0.1", "a27e1874f72ee49312e0a9ec2e0b27924214a05e3ddac90e91727bc76f8613d8", [:mix], [], "hexpm"},
  "websocket_client": {:hex, :websocket_client, "1.3.0", "2275d7daaa1cdacebf2068891c9844b15f4fdc3de3ec2602420c2fb486db59b6", [:rebar3], [], "hexpm"},
}
