%{"alchemy": {:hex, :discord_alchemy, "0.6.0", "73bb08846da2a52924ede13f0f58e1e9c89cc743ffd5feba3eddc86b8d3f7395", [:mix], [{:gen_stage, "~> 0.11", [hex: :gen_stage, optional: false]}, {:httpoison, "~> 0.10.0", [hex: :httpoison, optional: false]}, {:kcl, "~> 1.0.0", [hex: :kcl, optional: false]}, {:poison, "~> 3.0", [hex: :poison, optional: false]}, {:porcelain, "~> 2.0", [hex: :porcelain, optional: false]}, {:websocket_client, "~> 1.2", [hex: :websocket_client, optional: false]}]},
  "certifi": {:hex, :certifi, "1.2.1", "c3904f192bd5284e5b13f20db3ceac9626e14eeacfbb492e19583cf0e37b22be", [:rebar3], []},
  "chacha20": {:hex, :chacha20, "1.0.1", "4f5eb7ec715b63f90b5f152b91cc490382753ad08827960017c0660c8e30f613", [:mix], []},
  "curve25519": {:hex, :curve25519, "1.0.1", "35a57c0b571a23a35090a724974646ff729bdb161f2bc9a8cdb152ba0c9a29cd", [:mix], []},
  "ed25519": {:hex, :ed25519, "1.0.2", "81757acafc6ea02bdeb2f720dc6dafa8ff905edd6a2142872db5dff463761569", [:mix], []},
  "equivalex": {:hex, :equivalex, "1.0.1", "19a28351e60272a19a4ba05c12f1f1d87fe6146d21531ec7d0783e1bc6a8179c", [:mix], []},
  "exirc": {:hex, :exirc, "1.0.1", "a1eccd89eea12eb928b7142dba7b6b7766ebca74b92405c37af9a8e7d3bd39a4", [:mix], []},
  "floki": {:hex, :floki, "0.11.0", "b4532ab64d67225f13f5626e4ba1b8cf3ee9d5bd48017075bb975e1522efd32d", [:mix], [{:mochiweb, "~> 2.15", [hex: :mochiweb, optional: false]}]},
  "gen_stage": {:hex, :gen_stage, "0.12.2", "e0e347cbb1ceb5f4e68a526aec4d64b54ad721f0a8b30aa9d28e0ad749419cbb", [:mix], []},
  "hackney": {:hex, :hackney, "1.8.6", "21a725db3569b3fb11a6af17d5c5f654052ce9624219f1317e8639183de4a423", [:rebar3], [{:certifi, "1.2.1", [hex: :certifi, optional: false]}, {:idna, "5.0.2", [hex: :idna, optional: false]}, {:metrics, "1.0.1", [hex: :metrics, optional: false]}, {:mimerl, "1.0.2", [hex: :mimerl, optional: false]}, {:ssl_verify_fun, "1.1.1", [hex: :ssl_verify_fun, optional: false]}]},
  "httpoison": {:hex, :httpoison, "0.12.0", "8fc3d791c5afe6beb0093680c667dd4ce712a49d89c38c3fe1a43100dd76cf90", [:mix], [{:hackney, "~> 1.8.0", [hex: :hackney, optional: false]}]},
  "idna": {:hex, :idna, "5.0.2", "ac203208ada855d95dc591a764b6e87259cb0e2a364218f215ad662daa8cd6b4", [:rebar3], [{:unicode_util_compat, "0.2.0", [hex: :unicode_util_compat, optional: false]}]},
  "kcl": {:hex, :kcl, "1.0.1", "3927b457e1dd896eacc63cddc2a8156875ccf94d84a33a5ad9fa7db4eab7c64b", [:mix], [{:curve25519, "~> 1.0", [hex: :curve25519, optional: false]}, {:ed25519, "~> 1.0", [hex: :ed25519, optional: false]}, {:poly1305, "~> 1.0", [hex: :poly1305, optional: false]}, {:salsa20, "~> 1.0", [hex: :salsa20, optional: false]}]},
  "meeseeks": {:hex, :meeseeks, "0.7.2", "6410eda0b66a0734095d0f1b4ddee6c8be4fb3ac6319e735402884369a30b59d", [:mix], [{:meeseeks_html5ever, "~> 0.6.1", [hex: :meeseeks_html5ever, optional: false]}]},
  "meeseeks_html5ever": {:hex, :meeseeks_html5ever, "0.6.1", "3d7f3c4bcb2ab02bc424e3e3f4361dccf2b6c52dd18c409bc139aebef738e459", [:mix], [{:rustler, "~> 0.10.1", [hex: :rustler, optional: false]}]},
  "metrics": {:hex, :metrics, "1.0.1", "25f094dea2cda98213cecc3aeff09e940299d950904393b2a29d191c346a8486", [:rebar3], []},
  "mimerl": {:hex, :mimerl, "1.0.2", "993f9b0e084083405ed8252b99460c4f0563e41729ab42d9074fd5e52439be88", [:rebar3], []},
  "mochiweb": {:hex, :mochiweb, "2.15.0", "e1daac474df07651e5d17cc1e642c4069c7850dc4508d3db7263a0651330aacc", [:rebar3], []},
  "opengraph": {:hex, :opengraph, "0.1.0", "f1d4984fada1d14e87be7d51d28281be60e0c5c84a8aa36f8cac90884f8c35db", [:mix], [{:floki, "~> 0.11.0", [hex: :floki, optional: false]}, {:httpoison, "~> 0.10.0", [hex: :httpoison, optional: false]}]},
  "poison": {:hex, :poison, "3.1.0", "d9eb636610e096f86f25d9a46f35a9facac35609a7591b3be3326e99a0484665", [:mix], []},
  "poly1305": {:hex, :poly1305, "1.0.1", "ed3e39ccb1c5b7994161f54b78906fffb10752ae4ff0d44879bdfb368f1a7e53", [:mix], [{:chacha20, "~> 1.0", [hex: :chacha20, optional: false]}, {:equivalex, "~> 1.0", [hex: :equivalex, optional: false]}]},
  "porcelain": {:hex, :porcelain, "2.0.3", "2d77b17d1f21fed875b8c5ecba72a01533db2013bd2e5e62c6d286c029150fdc", [:mix], []},
  "rustler": {:hex, :rustler, "0.10.1", "cedcce8b8960e5a8d528903891e8cc7f2f0306680a1c478455e3d8e572c65cc4", [:mix], []},
  "salsa20": {:hex, :salsa20, "1.0.1", "60f14205859aa120b3ca0be3802a05e0c7bdd02e10e61abf24ce8c52529e1650", [:mix], []},
  "sizeable": {:hex, :sizeable, "1.0.2", "625fe06a5dad188b52121a140286f1a6ae1adf350a942cf419499ecd8a11ee29", [:mix], []},
  "ssl_verify_fun": {:hex, :ssl_verify_fun, "1.1.1", "28a4d65b7f59893bc2c7de786dec1e1555bd742d336043fe644ae956c3497fbe", [:make, :rebar], []},
  "unicode_util_compat": {:hex, :unicode_util_compat, "0.2.0", "dbbccf6781821b1c0701845eaf966c9b6d83d7c3bfc65ca2b78b88b8678bfa35", [:rebar3], []},
  "websocket_client": {:hex, :websocket_client, "1.3.0", "2275d7daaa1cdacebf2068891c9844b15f4fdc3de3ec2602420c2fb486db59b6", [:rebar3], []}}
