%{
  "alchemy": {:hex, :discord_alchemy, "0.6.1", "944bf8d96aacc91977ba1a9eae9a28cc09d8c9606000c9aec329517f372f7ffa", [:mix], [{:gen_stage, "~> 0.11", [hex: :gen_stage, optional: false]}, {:httpoison, "~> 0.13.0", [hex: :httpoison, optional: false]}, {:kcl, "~> 1.0.0", [hex: :kcl, optional: false]}, {:poison, "~> 3.0", [hex: :poison, optional: false]}, {:porcelain, "~> 2.0", [hex: :porcelain, optional: false]}, {:websocket_client, "~> 1.2", [hex: :websocket_client, optional: false]}]},
  "bunt": {:hex, :bunt, "0.2.0", "951c6e801e8b1d2cbe58ebbd3e616a869061ddadcc4863d0a2182541acae9a38", [:mix], []},
  "cachex": {:hex, :cachex, "3.0.3", "4e2d3e05814a5738f5ff3903151d5c25636d72a3527251b753f501ad9c657967", [:mix], [{:eternal, "~> 1.2", [hex: :eternal, repo: "hexpm", optional: false]}, {:unsafe, "~> 1.0", [hex: :unsafe, repo: "hexpm", optional: false]}], "hexpm"},
  "certifi": {:hex, :certifi, "2.4.2", "75424ff0f3baaccfd34b1214184b6ef616d89e420b258bb0a5ea7d7bc628f7f0", [:rebar3], [{:parse_trans, "~>3.3", [hex: :parse_trans, repo: "hexpm", optional: false]}], "hexpm"},
  "chacha20": {:hex, :chacha20, "1.0.1", "4f5eb7ec715b63f90b5f152b91cc490382753ad08827960017c0660c8e30f613", [:mix], []},
  "combine": {:hex, :combine, "0.10.0", "eff8224eeb56498a2af13011d142c5e7997a80c8f5b97c499f84c841032e429f", [:mix], []},
  "cowboy": {:hex, :cowboy, "1.1.2", "61ac29ea970389a88eca5a65601460162d370a70018afe6f949a29dca91f3bb0", [:rebar3], [{:cowlib, "~> 1.0.2", [hex: :cowlib, optional: false]}, {:ranch, "~> 1.3.2", [hex: :ranch, optional: false]}]},
  "cowlib": {:hex, :cowlib, "1.0.2", "9d769a1d062c9c3ac753096f868ca121e2730b9a377de23dec0f7e08b1df84ee", [:make], []},
  "credo": {:hex, :credo, "0.10.2", "03ad3a1eff79a16664ed42fc2975b5e5d0ce243d69318060c626c34720a49512", [:mix], [{:bunt, "~> 0.2.0", [hex: :bunt, repo: "hexpm", optional: false]}, {:jason, "~> 1.0", [hex: :jason, repo: "hexpm", optional: false]}], "hexpm"},
  "crontab": {:hex, :crontab, "1.1.4", "eae8de759d60dec2352ca577890f4cac26bcb907088ffef958f42ebb9c4f4cff", [:mix], [{:ecto, "~> 1.0 or ~> 2.0 or ~> 2.1", [hex: :ecto, repo: "hexpm", optional: true]}], "hexpm"},
  "curve25519": {:hex, :curve25519, "1.0.2", "1dd89550518937ed1c8196389a3974b3b2fb5f016fa0bd0601e8cdcb44336bf2", [:mix], []},
  "deppie": {:hex, :deppie, "1.1.0", "cfb6fcee7dfb64eb78cb8505537971a0805131899326ad469ef10df04520f451", [:mix], []},
  "dialyxir": {:hex, :dialyxir, "0.5.1", "b331b091720fd93e878137add264bac4f644e1ddae07a70bf7062c7862c4b952", [:mix], []},
  "drab": {:hex, :drab, "0.9.3", "662299b47e2f56f05ee77f5b097ed300c92b06ade37ee695ebb48e68205ff42b", [:mix], [{:cowboy, "~> 1.0 or ~> 2.2.2 or ~> 2.3", [hex: :cowboy, repo: "hexpm", optional: false]}, {:deppie, "~> 1.0", [hex: :deppie, repo: "hexpm", optional: false]}, {:floki, ">= 0.20.2", [hex: :floki, repo: "hexpm", optional: false]}, {:gettext, "~> 0.11", [hex: :gettext, repo: "hexpm", optional: false]}, {:jason, "~> 1.0", [hex: :jason, repo: "hexpm", optional: false]}, {:phoenix, "~> 1.2", [hex: :phoenix, repo: "hexpm", optional: false]}, {:phoenix_html, "~> 2.6", [hex: :phoenix_html, repo: "hexpm", optional: false]}, {:phoenix_pubsub, "~> 1.0", [hex: :phoenix_pubsub, repo: "hexpm", optional: false]}], "hexpm"},
  "ed25519": {:hex, :ed25519, "1.2.0", "9ce0b4e62de5b8d2035a5149bb322620b8d37b512c40758dedc84786fd5157fb", [:mix], []},
  "eleveldb": {:hex, :eleveldb, "2.2.20", "1fff63a5055bbf4bf821f797ef76065882b193f5e8095f95fcd9287187773b58", [:rebar3], []},
  "equivalex": {:hex, :equivalex, "1.0.1", "19a28351e60272a19a4ba05c12f1f1d87fe6146d21531ec7d0783e1bc6a8179c", [:mix], []},
  "eternal": {:hex, :eternal, "1.2.0", "e2a6b6ce3b8c248f7dc31451aefca57e3bdf0e48d73ae5043229380a67614c41", [:mix], []},
  "exirc": {:hex, :exirc, "1.0.1", "a1eccd89eea12eb928b7142dba7b6b7766ebca74b92405c37af9a8e7d3bd39a4", [:mix], []},
  "exleveldb": {:hex, :exleveldb, "0.13.1", "7f82ef6ae75bdcbea4e7aaa297601e7adea3631525114412fa7548d83b70bbca", [:mix], [{:eleveldb, "~> 2.2.20", [hex: :eleveldb, optional: false]}]},
  "exsync": {:hex, :exsync, "0.2.3", "a1ac11b4bd3808706003dbe587902101fcc1387d9fc55e8b10972f13a563dd15", [:mix], [{:file_system, "~> 0.2", [hex: :file_system, optional: false]}]},
  "file_system": {:hex, :file_system, "0.2.5", "a3060f063b116daf56c044c273f65202e36f75ec42e678dc10653056d3366054", [:mix], []},
  "floki": {:hex, :floki, "0.20.3", "dfb3a71eb99938e330b4156433d55c6d0b188d936c9683d115a8540bac56e019", [:mix], [{:html_entities, "~> 0.4.0", [hex: :html_entities, optional: false]}, {:mochiweb, "~> 2.15", [hex: :mochiweb, optional: false]}]},
  "gen_stage": {:hex, :gen_stage, "0.14.0", "65ae78509f85b59d360690ce3378d5096c3130a0694bab95b0c4ae66f3008fad", [:mix], []},
  "gen_state_machine": {:hex, :gen_state_machine, "2.0.3", "477ea51b466a749ab23a0d6090e9e84073f41f9aa28c7efc40eac18f3d4a9f77", [:mix], [], "hexpm"},
  "gettext": {:hex, :gettext, "0.16.0", "4a7e90408cef5f1bf57c5a39e2db8c372a906031cc9b1466e963101cb927dafc", [:mix], [], "hexpm"},
  "gh_webhook_plug": {:hex, :gh_webhook_plug, "0.0.5", "c2699980b971d65b064245e37c848692bd79d7c52226e0baa0445e450416bd71", [:mix], [{:plug, "~>1.4", [hex: :plug, repo: "hexpm", optional: false]}], "hexpm"},
  "hackney": {:hex, :hackney, "1.14.0", "66e29e78feba52176c3a4213d42b29bdc4baff93a18cfe480f73b04677139dee", [:rebar3], [{:certifi, "2.4.2", [hex: :certifi, repo: "hexpm", optional: false]}, {:idna, "6.0.0", [hex: :idna, repo: "hexpm", optional: false]}, {:metrics, "1.0.1", [hex: :metrics, repo: "hexpm", optional: false]}, {:mimerl, "1.0.2", [hex: :mimerl, repo: "hexpm", optional: false]}, {:ssl_verify_fun, "1.1.4", [hex: :ssl_verify_fun, repo: "hexpm", optional: false]}], "hexpm"},
  "html_entities": {:hex, :html_entities, "0.4.0", "f2fee876858cf6aaa9db608820a3209e45a087c5177332799592142b50e89a6b", [:mix], []},
  "httpoison": {:hex, :httpoison, "1.3.1", "7ac607311f5f706b44e8b3fab736d0737f2f62a31910ccd9afe7227b43edb7f0", [:mix], [{:hackney, "~> 1.8", [hex: :hackney, repo: "hexpm", optional: false]}], "hexpm"},
  "idna": {:hex, :idna, "6.0.0", "689c46cbcdf3524c44d5f3dde8001f364cd7608a99556d8fbd8239a5798d4c10", [:rebar3], [{:unicode_util_compat, "0.4.1", [hex: :unicode_util_compat, repo: "hexpm", optional: false]}], "hexpm"},
  "inch_ex": {:hex, :inch_ex, "1.0.1", "1f0af1a83cec8e56f6fc91738a09c838e858db3d78ef5f2ec040fe4d5a62dabf", [:mix], [{:poison, "~> 1.5 or ~> 2.0 or ~> 3.0", [hex: :poison, repo: "hexpm", optional: false]}], "hexpm"},
  "jason": {:hex, :jason, "1.1.1", "d3ccb840dfb06f2f90a6d335b536dd074db748b3e7f5b11ab61d239506585eb2", [:mix], [{:decimal, "~> 1.0", [hex: :decimal, repo: "hexpm", optional: true]}], "hexpm"},
  "kcl": {:hex, :kcl, "1.0.5", "d4abd1eefefc7b2a03e407d16ad60618f93d32cfe3a025baa37505a5811056ac", [:mix], [{:curve25519, ">= 1.0.2", [hex: :curve25519, optional: false]}, {:ed25519, "~> 1.2", [hex: :ed25519, optional: false]}, {:poly1305, "~> 1.0", [hex: :poly1305, optional: false]}, {:salsa20, "~> 1.0", [hex: :salsa20, optional: false]}]},
  "libring": {:hex, :libring, "1.4.0", "41246ba2f3fbc76b3971f6bce83119dfec1eee17e977a48d8a9cfaaf58c2a8d6", [:mix], [], "hexpm"},
  "luerl": {:hex, :luerl, "0.3.1", "5412807630aac1aaf59ffe5a1bc09259c447b4faeb1d3fe2d4ef41b87676cb04", [:rebar3], []},
  "meeseeks": {:hex, :meeseeks, "0.10.0", "b938c085ca89edf6043e1f96c9b099ec56b2040de7475d206ef4651b7b9ab142", [:mix], [{:meeseeks_html5ever, "~> 0.10.0", [hex: :meeseeks_html5ever, optional: false]}]},
  "meeseeks_html5ever": {:hex, :meeseeks_html5ever, "0.10.0", "3cac0c19800f0e2987c69b5c6b2a8dd62e171c606dc301aa4b3f686b79894ba4", [:mix], [{:rustler, "~> 0.18.0", [hex: :rustler, optional: false]}]},
  "metrics": {:hex, :metrics, "1.0.1", "25f094dea2cda98213cecc3aeff09e940299d950904393b2a29d191c346a8486", [:rebar3], []},
  "mime": {:hex, :mime, "1.3.0", "5e8d45a39e95c650900d03f897fbf99ae04f60ab1daa4a34c7a20a5151b7a5fe", [:mix], []},
  "mimerl": {:hex, :mimerl, "1.0.2", "993f9b0e084083405ed8252b99460c4f0563e41729ab42d9074fd5e52439be88", [:rebar3], []},
  "mochiweb": {:hex, :mochiweb, "2.18.0", "eb55f1db3e6e960fac4e6db4e2db9ec3602cc9f30b86cd1481d56545c3145d2e", [:rebar3], [], "hexpm"},
  "opengraph": {:hex, :opengraph, "0.1.0", "f1d4984fada1d14e87be7d51d28281be60e0c5c84a8aa36f8cac90884f8c35db", [:mix], [{:floki, "~> 0.11.0", [hex: :floki, optional: false]}, {:httpoison, "~> 0.10.0", [hex: :httpoison, optional: false]}]},
  "parse_trans": {:hex, :parse_trans, "3.3.0", "09765507a3c7590a784615cfd421d101aec25098d50b89d7aa1d66646bc571c1", [:rebar3], [], "hexpm"},
  "phoenix": {:git, "https://github.com/phoenixframework/phoenix.git", "f97689b8df637c27a60aa359fe5fd87fa40e618f", []},
  "phoenix_html": {:hex, :phoenix_html, "2.12.0", "1fb3c2e48b4b66d75564d8d63df6d53655469216d6b553e7e14ced2b46f97622", [:mix], [{:plug, "~> 1.5", [hex: :plug, repo: "hexpm", optional: false]}], "hexpm"},
  "phoenix_live_reload": {:hex, :phoenix_live_reload, "1.1.5", "8d4c9b1ef9ca82deee6deb5a038d6d8d7b34b9bb909d99784a49332e0d15b3dc", [:mix], [{:file_system, "~> 0.2.1 or ~> 0.3", [hex: :file_system, optional: false]}, {:phoenix, "~> 1.0 or ~> 1.2 or ~> 1.3", [hex: :phoenix, optional: false]}]},
  "phoenix_pubsub": {:hex, :phoenix_pubsub, "1.1.0", "d55e25ff1ff8ea2f9964638366dfd6e361c52dedfd50019353598d11d4441d14", [:mix], [], "hexpm"},
  "plug": {:hex, :plug, "1.6.2", "e06a7bd2bb6de5145da0dd950070110dce88045351224bd98e84edfdaaf5ffee", [:mix], [{:cowboy, "~> 1.0.1 or ~> 1.1 or ~> 2.4", [hex: :cowboy, repo: "hexpm", optional: true]}, {:mime, "~> 1.0", [hex: :mime, repo: "hexpm", optional: false]}], "hexpm"},
  "poison": {:hex, :poison, "3.1.0", "d9eb636610e096f86f25d9a46f35a9facac35609a7591b3be3326e99a0484665", [:mix], []},
  "poly1305": {:hex, :poly1305, "1.0.1", "ed3e39ccb1c5b7994161f54b78906fffb10752ae4ff0d44879bdfb368f1a7e53", [:mix], [{:chacha20, "~> 1.0", [hex: :chacha20, optional: false]}, {:equivalex, "~> 1.0", [hex: :equivalex, optional: false]}]},
  "porcelain": {:hex, :porcelain, "2.0.3", "2d77b17d1f21fed875b8c5ecba72a01533db2013bd2e5e62c6d286c029150fdc", [:mix], []},
  "protocol_ex": {:hex, :protocol_ex, "0.4.2", "faa832d88e60621f74d90aecc6928e0dc97af7ec05598a289cfd75aaeb43a130", [:mix], [], "hexpm"},
  "quantum": {:hex, :quantum, "2.3.3", "83f565de81ac43b8fda4dd4266b209eaed29545d1c41e17aa6b75b08736c80f6", [:mix], [{:calendar, "~> 0.17", [hex: :calendar, repo: "hexpm", optional: true]}, {:crontab, "~> 1.1", [hex: :crontab, repo: "hexpm", optional: false]}, {:gen_stage, "~> 0.12", [hex: :gen_stage, repo: "hexpm", optional: false]}, {:swarm, "~> 3.3", [hex: :swarm, repo: "hexpm", optional: false]}, {:timex, "~> 3.1", [hex: :timex, repo: "hexpm", optional: true]}], "hexpm"},
  "ranch": {:hex, :ranch, "1.3.2", "e4965a144dc9fbe70e5c077c65e73c57165416a901bd02ea899cfd95aa890986", [:rebar3], []},
  "rustler": {:hex, :rustler, "0.18.0", "db4bd0c613d83a1badc31be90ddada6f9821de29e4afd15c53a5da61882e4f2d", [:mix], []},
  "salsa20": {:hex, :salsa20, "1.0.1", "60f14205859aa120b3ca0be3802a05e0c7bdd02e10e61abf24ce8c52529e1650", [:mix], []},
  "sizeable": {:hex, :sizeable, "1.0.2", "625fe06a5dad188b52121a140286f1a6ae1adf350a942cf419499ecd8a11ee29", [:mix], []},
  "ssl_verify_fun": {:hex, :ssl_verify_fun, "1.1.4", "f0eafff810d2041e93f915ef59899c923f4568f4585904d010387ed74988e77b", [:make, :mix, :rebar3], [], "hexpm"},
  "swarm": {:hex, :swarm, "3.3.1", "b4d29c49310b92b4a84bd3be6a51d9616eaeda1899b7619201d0908d8d789bd8", [:mix], [{:gen_state_machine, "~> 2.0", [hex: :gen_state_machine, repo: "hexpm", optional: false]}, {:libring, "~> 1.0", [hex: :libring, repo: "hexpm", optional: false]}], "hexpm"},
  "timex": {:hex, :timex, "3.4.1", "e63fc1a37453035e534c3febfe9b6b9e18583ec7b37fd9c390efdef97397d70b", [:mix], [{:combine, "~> 0.10", [hex: :combine, repo: "hexpm", optional: false]}, {:gettext, "~> 0.10", [hex: :gettext, repo: "hexpm", optional: false]}, {:tzdata, "~> 0.1.8 or ~> 0.5", [hex: :tzdata, repo: "hexpm", optional: false]}], "hexpm"},
  "tzdata": {:hex, :tzdata, "0.5.19", "7962a3997bf06303b7d1772988ede22260f3dae1bf897408ebdac2b4435f4e6a", [:mix], [{:hackney, "~> 1.0", [hex: :hackney, repo: "hexpm", optional: false]}], "hexpm"},
  "unicode_util_compat": {:hex, :unicode_util_compat, "0.4.1", "d869e4c68901dd9531385bb0c8c40444ebf624e60b6962d95952775cac5e90cd", [:rebar3], [], "hexpm"},
  "unsafe": {:hex, :unsafe, "1.0.0", "7c21742cd05380c7875546b023481d3a26f52df8e5dfedcb9f958f322baae305", [:mix], []},
  "websocket_client": {:hex, :websocket_client, "1.3.0", "2275d7daaa1cdacebf2068891c9844b15f4fdc3de3ec2602420c2fb486db59b6", [:rebar3], []},
}
